{
  "name": "@singleware/frontend",
  "version": "1.0.15",
  "lockfileVersion": 1,
  "requires": true,
  "dependencies": {
    "@singleware/application": {
      "version": "1.0.24",
      "resolved": "https://registry.npmjs.org/@singleware/application/-/application-1.0.24.tgz",
      "integrity": "sha512-zCJPMFQMf6mmCK981CB+E7R7BlYDIvxeaeiCNqre2W/UlJYCBTHudO0oOCpDUJSmfmqEjsrodzUTsak3/9BF2A==",
      "requires": {
        "@singleware/class": "^1.0.12",
        "@singleware/injection": "^1.0.12",
        "@singleware/observable": "^1.0.10",
        "@singleware/routing": "^1.0.15"
      }
    },
    "@singleware/class": {
      "version": "1.0.12",
      "resolved": "https://registry.npmjs.org/@singleware/class/-/class-1.0.12.tgz",
      "integrity": "sha512-hPlcJy7WH5SxMhemPInJMDA+dMxtWjxlKBQOqN5XiZp8r+hNGzHqFVvFr8Mc+r8R/+tHAYlf5B0nV4dhet3sAA=="
    },
    "@singleware/injection": {
      "version": "1.0.12",
      "resolved": "https://registry.npmjs.org/@singleware/injection/-/injection-1.0.12.tgz",
      "integrity": "sha512-MdK3NRkT7m9bWX/I4CqBaE5W7wNkEObCpgBPWEAH15481b33NuIEpY6JQ3/6VyJ6hBKq+DmCef8q+qWmAi71uw==",
      "requires": {
        "@singleware/class": "^1.0.12"
      }
    },
    "@singleware/jsx": {
      "version": "1.0.8",
      "resolved": "https://registry.npmjs.org/@singleware/jsx/-/jsx-1.0.8.tgz",
      "integrity": "sha512-92ETBpK1v70G7jEMY/1g3y4J7QbG+LrTZI60EQgCtCxA+LO1vuYv/ovNlFjQIzczNVMOff3f7JAqtTdy6/Cgtw==",
      "requires": {
        "@singleware/class": "^1.0.12"
      }
    },
    "@singleware/observable": {
      "version": "1.0.10",
      "resolved": "https://registry.npmjs.org/@singleware/observable/-/observable-1.0.10.tgz",
      "integrity": "sha512-qpqMjYdjrNtduFxQ3NHHJPi44m9kBloSZfrdW2OoGgXU4kT7nDST0EgErRq+hA0KPVQ29rZWwyhAsKU+T3/lfQ==",
      "requires": {
        "@singleware/class": "^1.0.12"
      }
    },
    "@singleware/pipeline": {
      "version": "1.0.9",
      "resolved": "https://registry.npmjs.org/@singleware/pipeline/-/pipeline-1.0.9.tgz",
      "integrity": "sha512-/GC6dqGO0LyNp2xtmh/U6ZgzCq02okt6xD0drq8LpcgkNJPS+d2qXsji9oBepa53SypLCh3NPQf/YSVikYBk2Q==",
      "requires": {
        "@singleware/class": "^1.0.12",
        "@singleware/observable": "^1.0.10"
      }
    },
    "@singleware/routing": {
      "version": "1.0.15",
      "resolved": "https://registry.npmjs.org/@singleware/routing/-/routing-1.0.15.tgz",
      "integrity": "sha512-FUbTUO9iOay75Hj0FM+jhzsngp3piO20dSrjH5LyuAt7/v2soYVqwxg9mOzrJ0gNtQg5rRZHTwlzlZxkP+++ag==",
      "requires": {
        "@singleware/class": "^1.0.12",
        "@singleware/observable": "^1.0.10",
        "@singleware/pipeline": "^1.0.9"
      }
    },
    "prettier": {
      "version": "1.14.0",
      "resolved": "https://registry.npmjs.org/prettier/-/prettier-1.14.0.tgz",
      "integrity": "sha512-KtQ2EGaUwf2EyDfp1fxyEb0PqGKakVm0WyXwDt6u+cAoxbO2Z2CwKvOe3+b4+F2IlO9lYHi1kqFuRM70ddBnow==",
      "dev": true
    },
    "typescript": {
      "version": "2.9.2",
      "resolved": "https://registry.npmjs.org/typescript/-/typescript-2.9.2.tgz",
      "integrity": "sha512-Gr4p6nFNaoufRIY4NMdpQRNmgxVIGMs4Fcu/ujdYk3nAZqk7supzBE9idmvfZIlH/Cuj//dvi+019qEue9lV0w==",
      "dev": true
    }
  }
}
