{
  "name": "@singleware/frontend",
  "version": "1.1.0",
  "lockfileVersion": 1,
  "requires": true,
  "dependencies": {
    "@singleware/application": {
      "version": "1.1.4",
      "resolved": "https://registry.npmjs.org/@singleware/application/-/application-1.1.4.tgz",
      "integrity": "sha512-/CK1DK2dGA2qPp9sjk7mZ919ZoQF4TGVBq6AwFhWD1AYsAbAuyCZGbRWHSGB2pqBi6VRvpOQm3yIIvZoW2m1LQ==",
      "requires": {
        "@singleware/class": "^1.1.11",
        "@singleware/injection": "^1.0.17",
        "@singleware/observable": "^1.0.19",
        "@singleware/routing": "^1.0.23"
      }
    },
    "@singleware/class": {
      "version": "1.1.11",
      "resolved": "https://registry.npmjs.org/@singleware/class/-/class-1.1.11.tgz",
      "integrity": "sha512-VBehqT+XCt9X2Z7U4AHUjHDHvG7VCziJy3mUVTh0T7CmsJ6s+qV94uHxnUWMrCoALz8l9Aqtj1inPNEqzMdR/Q=="
    },
    "@singleware/injection": {
      "version": "1.0.17",
      "resolved": "https://registry.npmjs.org/@singleware/injection/-/injection-1.0.17.tgz",
      "integrity": "sha512-8gqnlkSze5Z02K17mGqAXIBHA1keTkeWunum2HA1BHf0m15uDYQM3dpIM2fe6nid5DMkacDucF2SNXbvY7t6PQ==",
      "requires": {
        "@singleware/class": "^1.1.9"
      }
    },
    "@singleware/jsx": {
      "version": "1.0.12",
      "resolved": "https://registry.npmjs.org/@singleware/jsx/-/jsx-1.0.12.tgz",
      "integrity": "sha512-mBUJD08wK83UEPkJ7D+XkDa+FbSarDi7aqBMLLxDcmj3WCfoREVp2r5+JuNVfmcEElViQeB9Jq9hj+P7zPWURA==",
      "requires": {
        "@singleware/class": "^1.1.9"
      }
    },
    "@singleware/observable": {
      "version": "1.0.19",
      "resolved": "https://registry.npmjs.org/@singleware/observable/-/observable-1.0.19.tgz",
      "integrity": "sha512-ygb11rq6H4sC1u0W7bcwwcRQgyngkG1ckicisBysOq5v+1Af02Mr/QqsyLInPoQxcnq2OZaiFTASnfNsoxg9eg==",
      "requires": {
        "@singleware/class": "^1.1.9"
      }
    },
    "@singleware/path": {
      "version": "1.0.1",
      "resolved": "https://registry.npmjs.org/@singleware/path/-/path-1.0.1.tgz",
      "integrity": "sha512-sDel087axn9a5gfBg37X+dvm5xNngx/QOcrrI7pRUvcKfjDx34RPtuz16dzyD47eCDlKVAdzYHXr4oGOGCVWKg==",
      "requires": {
        "@singleware/class": "^1.1.11"
      }
    },
    "@singleware/pipeline": {
      "version": "1.0.16",
      "resolved": "https://registry.npmjs.org/@singleware/pipeline/-/pipeline-1.0.16.tgz",
      "integrity": "sha512-KU9h7vBBFLopmvAFFMtFkwNgs+rEQq2mMyfgn3rJkzmiAy86tB5R2VDZUgi/04G7i2QNN1THbIc6MN8M+/HB0w==",
      "requires": {
        "@singleware/class": "^1.1.9",
        "@singleware/observable": "^1.0.19"
      }
    },
    "@singleware/routing": {
      "version": "1.0.24",
      "resolved": "https://registry.npmjs.org/@singleware/routing/-/routing-1.0.24.tgz",
      "integrity": "sha512-tGj7W5chDQKUj74LexilDX5jLQwH1rmVrUWs7toSDNErpiqWP/HT9K7Gfptrm2xYAWT0Ghh0LBmleO/oTBWZZg==",
      "requires": {
        "@singleware/class": "^1.1.9",
        "@singleware/pipeline": "^1.0.16"
      }
    },
    "prettier": {
      "version": "1.14.3",
      "resolved": "https://registry.npmjs.org/prettier/-/prettier-1.14.3.tgz",
      "integrity": "sha512-qZDVnCrnpsRJJq5nSsiHCE3BYMED2OtsI+cmzIzF1QIfqm5ALf8tEJcO27zV1gKNKRPdhjO0dNWnrzssDQ1tFg==",
      "dev": true
    },
    "typescript": {
      "version": "2.9.2",
      "resolved": "https://registry.npmjs.org/typescript/-/typescript-2.9.2.tgz",
      "integrity": "sha512-Gr4p6nFNaoufRIY4NMdpQRNmgxVIGMs4Fcu/ujdYk3nAZqk7supzBE9idmvfZIlH/Cuj//dvi+019qEue9lV0w==",
      "dev": true
    }
  }
}
